{
  "name": "web",
  "lockfileVersion": 3,
  "requires": true,
  "packages": {
    "": {
      "dependencies": {
        "@aws-sdk/s3-request-presigner": "^3.931.0"
      }
    },
    "node_modules/@aws-sdk/core": {
      "version": "3.931.0",
      "resolved": "https://registry.npmjs.org/@aws-sdk/core/-/core-3.931.0.tgz",
      "integrity": "sha512-l/b6AQbto4TuXL2FIm7Z+tbVjrp0LN7ESm97Sf3nneB0vjKtB6R0TS/IySzCYMgyOC3Hxz+Ka34HJXZk9eXTFw==",
      "license": "Apache-2.0",
      "dependencies": {
        "@aws-sdk/types": "3.930.0",
        "@aws-sdk/xml-builder": "3.930.0",
        "@smithy/core": "^3.18.2",
        "@smithy/node-config-provider": "^4.3.5",
        "@smithy/property-provider": "^4.2.5",
        "@smithy/protocol-http": "^5.3.5",
        "@smithy/signature-v4": "^5.3.5",
        "@smithy/smithy-client": "^4.9.5",
        "@smithy/types": "^4.9.0",
        "@smithy/util-base64": "^4.3.0",
        "@smithy/util-middleware": "^4.2.5",
        "@smithy/util-utf8": "^4.2.0",
        "tslib": "^2.6.2"
      },
      "engines": {
        "node": ">=18.0.0"
      }
    },
    "node_modules/@aws-sdk/middleware-sdk-s3": {
      "version": "3.931.0",
      "resolved": "https://registry.npmjs.org/@aws-sdk/middleware-sdk-s3/-/middleware-sdk-s3-3.931.0.tgz",
      "integrity": "sha512-uWF78ht8Wgxljn6y0cEcIWfbeTVnJ0cE1Gha9ScCqscmuBCpHuFMSd/p53w3whoDhpQL3ln9mOyY3tfST/NUQA==",
      "license": "Apache-2.0",
      "dependencies": {
        "@aws-sdk/core": "3.931.0",
        "@aws-sdk/types": "3.930.0",
        "@aws-sdk/util-arn-parser": "3.893.0",
        "@smithy/core": "^3.18.2",
        "@smithy/node-config-provider": "^4.3.5",
        "@smithy/protocol-http": "^5.3.5",
        "@smithy/signature-v4": "^5.3.5",
        "@smithy/smithy-client": "^4.9.5",
        "@smithy/types": "^4.9.0",
        "@smithy/util-config-provider": "^4.2.0",
        "@smithy/util-middleware": "^4.2.5",
        "@smithy/util-stream": "^4.5.6",
        "@smithy/util-utf8": "^4.2.0",
        "tslib": "^2.6.2"
      },
      "engines": {
        "node": ">=18.0.0"
      }
    },
    "node_modules/@aws-sdk/s3-request-presigner": {
      "version": "3.931.0",
      "resolved": "https://registry.npmjs.org/@aws-sdk/s3-request-presigner/-/s3-request-presigner-3.931.0.tgz",
      "integrity": "sha512-y3cdM5/bhRZri/qKZwTlIIIxO8x/URv8hb0xSHy6ON0FtUm231cFvWCdiG1QA76VcRhWQDSMScaj0ZtPKIJZxQ==",
      "license": "Apache-2.0",
      "dependencies": {
        "@aws-sdk/signature-v4-multi-region": "3.931.0",
        "@aws-sdk/types": "3.930.0",
        "@aws-sdk/util-format-url": "3.930.0",
        "@smithy/middleware-endpoint": "^4.3.9",
        "@smithy/protocol-http": "^5.3.5",
        "@smithy/smithy-client": "^4.9.5",
        "@smithy/types": "^4.9.0",
        "tslib": "^2.6.2"
      },
      "engines": {
        "node": ">=18.0.0"
      }
    },
    "node_modules/@aws-sdk/signature-v4-multi-region": {
      "version": "3.931.0",
      "resolved": "https://registry.npmjs.org/@aws-sdk/signature-v4-multi-region/-/signature-v4-multi-region-3.931.0.tgz",
      "integrity": "sha512-EGYYDSSk7k1xbSHtb8MfEMILf5achdNnnsYKgFk0+Oul3tPQ4xUmOt5qRP6sOO3/LQHF37gBYHUF9OSA/+uVCw==",
      "license": "Apache-2.0",
      "dependencies": {
        "@aws-sdk/middleware-sdk-s3": "3.931.0",
        "@aws-sdk/types": "3.930.0",
        "@smithy/protocol-http": "^5.3.5",
        "@smithy/signature-v4": "^5.3.5",
        "@smithy/types": "^4.9.0",
        "tslib": "^2.6.2"
      },
      "engines": {
        "node": ">=18.0.0"
      }
    },
    "node_modules/@aws-sdk/types": {
      "version": "3.930.0",
      "resolved": "https://registry.npmjs.org/@aws-sdk/types/-/types-3.930.0.tgz",
      "integrity": "sha512-we/vaAgwlEFW7IeftmCLlLMw+6hFs3DzZPJw7lVHbj/5HJ0bz9gndxEsS2lQoeJ1zhiiLqAqvXxmM43s0MBg0A==",
      "license": "Apache-2.0",
      "dependencies": {
        "@smithy/types": "^4.9.0",
        "tslib": "^2.6.2"
      },
      "engines": {
        "node": ">=18.0.0"
      }
    },
    "node_modules/@aws-sdk/util-arn-parser": {
      "version": "3.893.0",
      "resolved": "https://registry.npmjs.org/@aws-sdk/util-arn-parser/-/util-arn-parser-3.893.0.tgz",
      "integrity": "sha512-u8H4f2Zsi19DGnwj5FSZzDMhytYF/bCh37vAtBsn3cNDL3YG578X5oc+wSX54pM3tOxS+NY7tvOAo52SW7koUA==",
      "license": "Apache-2.0",
      "dependencies": {
        "tslib": "^2.6.2"
      },
      "engines": {
        "node": ">=18.0.0"
      }
    },
    "node_modules/@aws-sdk/util-format-url": {
      "version": "3.930.0",
      "resolved": "https://registry.npmjs.org/@aws-sdk/util-format-url/-/util-format-url-3.930.0.tgz",
      "integrity": "sha512-FW6Im17Zc7F5WT39XUgDOjtJO95Yu8rsmeRHf7z+Y3FamtTSzH4f713BD/qMyJBrZIlFACWlok/Uuvdl5/qtMg==",
      "license": "Apache-2.0",
      "dependencies": {
        "@aws-sdk/types": "3.930.0",
        "@smithy/querystring-builder": "^4.2.5",
        "@smithy/types": "^4.9.0",
        "tslib": "^2.6.2"
      },
      "engines": {
        "node": ">=18.0.0"
      }
    },
    "node_modules/@aws-sdk/xml-builder": {
      "version": "3.930.0",
      "resolved": "https://registry.npmjs.org/@aws-sdk/xml-builder/-/xml-builder-3.930.0.tgz",
      "integrity": "sha512-YIfkD17GocxdmlUVc3ia52QhcWuRIUJonbF8A2CYfcWNV3HzvAqpcPeC0bYUhkK+8e8YO1ARnLKZQE0TlwzorA==",
      "license": "Apache-2.0",
      "dependencies": {
        "@smithy/types": "^4.9.0",
        "fast-xml-parser": "5.2.5",
        "tslib": "^2.6.2"
      },
      "engines": {
        "node": ">=18.0.0"
      }
    },
    "node_modules/@smithy/abort-controller": {
      "version": "4.2.5",
      "resolved": "https://registry.npmjs.org/@smithy/abort-controller/-/abort-controller-4.2.5.tgz",
      "integrity": "sha512-j7HwVkBw68YW8UmFRcjZOmssE77Rvk0GWAIN1oFBhsaovQmZWYCIcGa9/pwRB0ExI8Sk9MWNALTjftjHZea7VA==",
      "license": "Apache-2.0",
      "dependencies": {
        "@smithy/types": "^4.9.0",
        "tslib": "^2.6.2"
      },
      "engines": {
        "node": ">=18.0.0"
      }
    },
    "node_modules/@smithy/core": {
      "version": "3.18.3",
      "resolved": "https://registry.npmjs.org/@smithy/core/-/core-3.18.3.tgz",
      "integrity": "sha512-qqpNskkbHOSfrbFbjhYj5o8VMXO26fvN1K/+HbCzUNlTuxgNcPRouUDNm+7D6CkN244WG7aK533Ne18UtJEgAA==",
      "license": "Apache-2.0",
      "dependencies": {
        "@smithy/middleware-serde": "^4.2.5",
        "@smithy/protocol-http": "^5.3.5",
        "@smithy/types": "^4.9.0",
        "@smithy/util-base64": "^4.3.0",
        "@smithy/util-body-length-browser": "^4.2.0",
        "@smithy/util-middleware": "^4.2.5",
        "@smithy/util-stream": "^4.5.6",
        "@smithy/util-utf8": "^4.2.0",
        "@smithy/uuid": "^1.1.0",
        "tslib": "^2.6.2"
      },
      "engines": {
        "node": ">=18.0.0"
      }
    },
    "node_modules/@smithy/fetch-http-handler": {
      "version": "5.3.6",
      "resolved": "https://registry.npmjs.org/@smithy/fetch-http-handler/-/fetch-http-handler-5.3.6.tgz",
      "integrity": "sha512-3+RG3EA6BBJ/ofZUeTFJA7mHfSYrZtQIrDP9dI8Lf7X6Jbos2jptuLrAAteDiFVrmbEmLSuRG/bUKzfAXk7dhg==",
      "license": "Apache-2.0",
      "dependencies": {
        "@smithy/protocol-http": "^5.3.5",
        "@smithy/querystring-builder": "^4.2.5",
        "@smithy/types": "^4.9.0",
        "@smithy/util-base64": "^4.3.0",
        "tslib": "^2.6.2"
      },
      "engines": {
        "node": ">=18.0.0"
      }
    },
    "node_modules/@smithy/is-array-buffer": {
      "version": "4.2.0",
      "resolved": "https://registry.npmjs.org/@smithy/is-array-buffer/-/is-array-buffer-4.2.0.tgz",
      "integrity": "sha512-DZZZBvC7sjcYh4MazJSGiWMI2L7E0oCiRHREDzIxi/M2LY79/21iXt6aPLHge82wi5LsuRF5A06Ds3+0mlh6CQ==",
      "license": "Apache-2.0",
      "dependencies": {
        "tslib": "^2.6.2"
      },
      "engines": {
        "node": ">=18.0.0"
      }
    },
    "node_modules/@smithy/middleware-endpoint": {
      "version": "4.3.10",
      "resolved": "https://registry.npmjs.org/@smithy/middleware-endpoint/-/middleware-endpoint-4.3.10.tgz",
      "integrity": "sha512-SoAag3QnWBFoXjwa1jenEThkzJYClidZUyqsLKwWZ8kOlZBwehrLBp4ygVDjNEM2a2AamCQ2FBA/HuzKJ/LiTA==",
      "license": "Apache-2.0",
      "dependencies": {
        "@smithy/core": "^3.18.3",
        "@smithy/middleware-serde": "^4.2.5",
        "@smithy/node-config-provider": "^4.3.5",
        "@smithy/shared-ini-file-loader": "^4.4.0",
        "@smithy/types": "^4.9.0",
        "@smithy/url-parser": "^4.2.5",
        "@smithy/util-middleware": "^4.2.5",
        "tslib": "^2.6.2"
      },
      "engines": {
        "node": ">=18.0.0"
      }
    },
    "node_modules/@smithy/middleware-serde": {
      "version": "4.2.5",
      "resolved": "https://registry.npmjs.org/@smithy/middleware-serde/-/middleware-serde-4.2.5.tgz",
      "integrity": "sha512-La1ldWTJTZ5NqQyPqnCNeH9B+zjFhrNoQIL1jTh4zuqXRlmXhxYHhMtI1/92OlnoAtp6JoN7kzuwhWoXrBwPqg==",
      "license": "Apache-2.0",
      "dependencies": {
        "@smithy/protocol-http": "^5.3.5",
        "@smithy/types": "^4.9.0",
        "tslib": "^2.6.2"
      },
      "engines": {
        "node": ">=18.0.0"
      }
    },
    "node_modules/@smithy/middleware-stack": {
      "version": "4.2.5",
      "resolved": "https://registry.npmjs.org/@smithy/middleware-stack/-/middleware-stack-4.2.5.tgz",
      "integrity": "sha512-bYrutc+neOyWxtZdbB2USbQttZN0mXaOyYLIsaTbJhFsfpXyGWUxJpEuO1rJ8IIJm2qH4+xJT0mxUSsEDTYwdQ==",
      "license": "Apache-2.0",
      "dependencies": {
        "@smithy/types": "^4.9.0",
        "tslib": "^2.6.2"
      },
      "engines": {
        "node": ">=18.0.0"
      }
    },
    "node_modules/@smithy/node-config-provider": {
      "version": "4.3.5",
      "resolved": "https://registry.npmjs.org/@smithy/node-config-provider/-/node-config-provider-4.3.5.tgz",
      "integrity": "sha512-UTurh1C4qkVCtqggI36DGbLB2Kv8UlcFdMXDcWMbqVY2uRg0XmT9Pb4Vj6oSQ34eizO1fvR0RnFV4Axw4IrrAg==",
      "license": "Apache-2.0",
      "dependencies": {
        "@smithy/property-provider": "^4.2.5",
        "@smithy/shared-ini-file-loader": "^4.4.0",
        "@smithy/types": "^4.9.0",
        "tslib": "^2.6.2"
      },
      "engines": {
        "node": ">=18.0.0"
      }
    },
    "node_modules/@smithy/node-http-handler": {
      "version": "4.4.5",
      "resolved": "https://registry.npmjs.org/@smithy/node-http-handler/-/node-http-handler-4.4.5.tgz",
      "integrity": "sha512-CMnzM9R2WqlqXQGtIlsHMEZfXKJVTIrqCNoSd/QpAyp+Dw0a1Vps13l6ma1fH8g7zSPNsA59B/kWgeylFuA/lw==",
      "license": "Apache-2.0",
      "dependencies": {
        "@smithy/abort-controller": "^4.2.5",
        "@smithy/protocol-http": "^5.3.5",
        "@smithy/querystring-builder": "^4.2.5",
        "@smithy/types": "^4.9.0",
        "tslib": "^2.6.2"
      },
      "engines": {
        "node": ">=18.0.0"
      }
    },
    "node_modules/@smithy/property-provider": {
      "version": "4.2.5",
      "resolved": "https://registry.npmjs.org/@smithy/property-provider/-/property-provider-4.2.5.tgz",
      "integrity": "sha512-8iLN1XSE1rl4MuxvQ+5OSk/Zb5El7NJZ1td6Tn+8dQQHIjp59Lwl6bd0+nzw6SKm2wSSriH2v/I9LPzUic7EOg==",
      "license": "Apache-2.0",
      "dependencies": {
        "@smithy/types": "^4.9.0",
        "tslib": "^2.6.2"
      },
      "engines": {
        "node": ">=18.0.0"
      }
    },
    "node_modules/@smithy/protocol-http": {
      "version": "5.3.5",
      "resolved": "https://registry.npmjs.org/@smithy/protocol-http/-/protocol-http-5.3.5.tgz",
      "integrity": "sha512-RlaL+sA0LNMp03bf7XPbFmT5gN+w3besXSWMkA8rcmxLSVfiEXElQi4O2IWwPfxzcHkxqrwBFMbngB8yx/RvaQ==",
      "license": "Apache-2.0",
      "dependencies": {
        "@smithy/types": "^4.9.0",
        "tslib": "^2.6.2"
      },
      "engines": {
        "node": ">=18.0.0"
      }
    },
    "node_modules/@smithy/querystring-builder": {
      "version": "4.2.5",
      "resolved": "https://registry.npmjs.org/@smithy/querystring-builder/-/querystring-builder-4.2.5.tgz",
      "integrity": "sha512-y98otMI1saoajeik2kLfGyRp11e5U/iJYH/wLCh3aTV/XutbGT9nziKGkgCaMD1ghK7p6htHMm6b6scl9JRUWg==",
      "license": "Apache-2.0",
      "dependencies": {
        "@smithy/types": "^4.9.0",
        "@smithy/util-uri-escape": "^4.2.0",
        "tslib": "^2.6.2"
      },
      "engines": {
        "node": ">=18.0.0"
      }
    },
    "node_modules/@smithy/querystring-parser": {
      "version": "4.2.5",
      "resolved": "https://registry.npmjs.org/@smithy/querystring-parser/-/querystring-parser-4.2.5.tgz",
      "integrity": "sha512-031WCTdPYgiQRYNPXznHXof2YM0GwL6SeaSyTH/P72M1Vz73TvCNH2Nq8Iu2IEPq9QP2yx0/nrw5YmSeAi/AjQ==",
      "license": "Apache-2.0",
      "dependencies": {
        "@smithy/types": "^4.9.0",
        "tslib": "^2.6.2"
      },
      "engines": {
        "node": ">=18.0.0"
      }
    },
    "node_modules/@smithy/shared-ini-file-loader": {
      "version": "4.4.0",
      "resolved": "https://registry.npmjs.org/@smithy/shared-ini-file-loader/-/shared-ini-file-loader-4.4.0.tgz",
      "integrity": "sha512-5WmZ5+kJgJDjwXXIzr1vDTG+RhF9wzSODQBfkrQ2VVkYALKGvZX1lgVSxEkgicSAFnFhPj5rudJV0zoinqS0bA==",
      "license": "Apache-2.0",
      "dependencies": {
        "@smithy/types": "^4.9.0",
        "tslib": "^2.6.2"
      },
      "engines": {
        "node": ">=18.0.0"
      }
    },
    "node_modules/@smithy/signature-v4": {
      "version": "5.3.5",
      "resolved": "https://registry.npmjs.org/@smithy/signature-v4/-/signature-v4-5.3.5.tgz",
      "integrity": "sha512-xSUfMu1FT7ccfSXkoLl/QRQBi2rOvi3tiBZU2Tdy3I6cgvZ6SEi9QNey+lqps/sJRnogIS+lq+B1gxxbra2a/w==",
      "license": "Apache-2.0",
      "dependencies": {
        "@smithy/is-array-buffer": "^4.2.0",
        "@smithy/protocol-http": "^5.3.5",
        "@smithy/types": "^4.9.0",
        "@smithy/util-hex-encoding": "^4.2.0",
        "@smithy/util-middleware": "^4.2.5",
        "@smithy/util-uri-escape": "^4.2.0",
        "@smithy/util-utf8": "^4.2.0",
        "tslib": "^2.6.2"
      },
      "engines": {
        "node": ">=18.0.0"
      }
    },
    "node_modules/@smithy/smithy-client": {
      "version": "4.9.6",
      "resolved": "https://registry.npmjs.org/@smithy/smithy-client/-/smithy-client-4.9.6.tgz",
      "integrity": "sha512-hGz42hggqReicRRZUvrKDQiAmoJnx1Q+XfAJnYAGu544gOfxQCAC3hGGD7+Px2gEUUxB/kKtQV7LOtBRNyxteQ==",
      "license": "Apache-2.0",
      "dependencies": {
        "@smithy/core": "^3.18.3",
        "@smithy/middleware-endpoint": "^4.3.10",
        "@smithy/middleware-stack": "^4.2.5",
        "@smithy/protocol-http": "^5.3.5",
        "@smithy/types": "^4.9.0",
        "@smithy/util-stream": "^4.5.6",
        "tslib": "^2.6.2"
      },
      "engines": {
        "node": ">=18.0.0"
      }
    },
    "node_modules/@smithy/types": {
      "version": "4.9.0",
      "resolved": "https://registry.npmjs.org/@smithy/types/-/types-4.9.0.tgz",
      "integrity": "sha512-MvUbdnXDTwykR8cB1WZvNNwqoWVaTRA0RLlLmf/cIFNMM2cKWz01X4Ly6SMC4Kks30r8tT3Cty0jmeWfiuyHTA==",
      "license": "Apache-2.0",
      "dependencies": {
        "tslib": "^2.6.2"
      },
      "engines": {
        "node": ">=18.0.0"
      }
    },
    "node_modules/@smithy/url-parser": {
      "version": "4.2.5",
      "resolved": "https://registry.npmjs.org/@smithy/url-parser/-/url-parser-4.2.5.tgz",
      "integrity": "sha512-VaxMGsilqFnK1CeBX+LXnSuaMx4sTL/6znSZh2829txWieazdVxr54HmiyTsIbpOTLcf5nYpq9lpzmwRdxj6rQ==",
      "license": "Apache-2.0",
      "dependencies": {
        "@smithy/querystring-parser": "^4.2.5",
        "@smithy/types": "^4.9.0",
        "tslib": "^2.6.2"
      },
      "engines": {
        "node": ">=18.0.0"
      }
    },
    "node_modules/@smithy/util-base64": {
      "version": "4.3.0",
      "resolved": "https://registry.npmjs.org/@smithy/util-base64/-/util-base64-4.3.0.tgz",
      "integrity": "sha512-GkXZ59JfyxsIwNTWFnjmFEI8kZpRNIBfxKjv09+nkAWPt/4aGaEWMM04m4sxgNVWkbt2MdSvE3KF/PfX4nFedQ==",
      "license": "Apache-2.0",
      "dependencies": {
        "@smithy/util-buffer-from": "^4.2.0",
        "@smithy/util-utf8": "^4.2.0",
        "tslib": "^2.6.2"
      },
      "engines": {
        "node": ">=18.0.0"
      }
    },
    "node_modules/@smithy/util-body-length-browser": {
      "version": "4.2.0",
      "resolved": "https://registry.npmjs.org/@smithy/util-body-length-browser/-/util-body-length-browser-4.2.0.tgz",
      "integrity": "sha512-Fkoh/I76szMKJnBXWPdFkQJl2r9SjPt3cMzLdOB6eJ4Pnpas8hVoWPYemX/peO0yrrvldgCUVJqOAjUrOLjbxg==",
      "license": "Apache-2.0",
      "dependencies": {
        "tslib": "^2.6.2"
      },
      "engines": {
        "node": ">=18.0.0"
      }
    },
    "node_modules/@smithy/util-buffer-from": {
      "version": "4.2.0",
      "resolved": "https://registry.npmjs.org/@smithy/util-buffer-from/-/util-buffer-from-4.2.0.tgz",
      "integrity": "sha512-kAY9hTKulTNevM2nlRtxAG2FQ3B2OR6QIrPY3zE5LqJy1oxzmgBGsHLWTcNhWXKchgA0WHW+mZkQrng/pgcCew==",
      "license": "Apache-2.0",
      "dependencies": {
        "@smithy/is-array-buffer": "^4.2.0",
        "tslib": "^2.6.2"
      },
      "engines": {
        "node": ">=18.0.0"
      }
    },
    "node_modules/@smithy/util-config-provider": {
      "version": "4.2.0",
      "resolved": "https://registry.npmjs.org/@smithy/util-config-provider/-/util-config-provider-4.2.0.tgz",
      "integrity": "sha512-YEjpl6XJ36FTKmD+kRJJWYvrHeUvm5ykaUS5xK+6oXffQPHeEM4/nXlZPe+Wu0lsgRUcNZiliYNh/y7q9c2y6Q==",
      "license": "Apache-2.0",
      "dependencies": {
        "tslib": "^2.6.2"
      },
      "engines": {
        "node": ">=18.0.0"
      }
    },
    "node_modules/@smithy/util-hex-encoding": {
      "version": "4.2.0",
      "resolved": "https://registry.npmjs.org/@smithy/util-hex-encoding/-/util-hex-encoding-4.2.0.tgz",
      "integrity": "sha512-CCQBwJIvXMLKxVbO88IukazJD9a4kQ9ZN7/UMGBjBcJYvatpWk+9g870El4cB8/EJxfe+k+y0GmR9CAzkF+Nbw==",
      "license": "Apache-2.0",
      "dependencies": {
        "tslib": "^2.6.2"
      },
      "engines": {
        "node": ">=18.0.0"
      }
    },
    "node_modules/@smithy/util-middleware": {
      "version": "4.2.5",
      "resolved": "https://registry.npmjs.org/@smithy/util-middleware/-/util-middleware-4.2.5.tgz",
      "integrity": "sha512-6Y3+rvBF7+PZOc40ybeZMcGln6xJGVeY60E7jy9Mv5iKpMJpHgRE6dKy9ScsVxvfAYuEX4Q9a65DQX90KaQ3bA==",
      "license": "Apache-2.0",
      "dependencies": {
        "@smithy/types": "^4.9.0",
        "tslib": "^2.6.2"
      },
      "engines": {
        "node": ">=18.0.0"
      }
    },
    "node_modules/@smithy/util-stream": {
      "version": "4.5.6",
      "resolved": "https://registry.npmjs.org/@smithy/util-stream/-/util-stream-4.5.6.tgz",
      "integrity": "sha512-qWw/UM59TiaFrPevefOZ8CNBKbYEP6wBAIlLqxn3VAIo9rgnTNc4ASbVrqDmhuwI87usnjhdQrxodzAGFFzbRQ==",
      "license": "Apache-2.0",
      "dependencies": {
        "@smithy/fetch-http-handler": "^5.3.6",
        "@smithy/node-http-handler": "^4.4.5",
        "@smithy/types": "^4.9.0",
        "@smithy/util-base64": "^4.3.0",
        "@smithy/util-buffer-from": "^4.2.0",
        "@smithy/util-hex-encoding": "^4.2.0",
        "@smithy/util-utf8": "^4.2.0",
        "tslib": "^2.6.2"
      },
      "engines": {
        "node": ">=18.0.0"
      }
    },
    "node_modules/@smithy/util-uri-escape": {
      "version": "4.2.0",
      "resolved": "https://registry.npmjs.org/@smithy/util-uri-escape/-/util-uri-escape-4.2.0.tgz",
      "integrity": "sha512-igZpCKV9+E/Mzrpq6YacdTQ0qTiLm85gD6N/IrmyDvQFA4UnU3d5g3m8tMT/6zG/vVkWSU+VxeUyGonL62DuxA==",
      "license": "Apache-2.0",
      "dependencies": {
        "tslib": "^2.6.2"
      },
      "engines": {
        "node": ">=18.0.0"
      }
    },
    "node_modules/@smithy/util-utf8": {
      "version": "4.2.0",
      "resolved": "https://registry.npmjs.org/@smithy/util-utf8/-/util-utf8-4.2.0.tgz",
      "integrity": "sha512-zBPfuzoI8xyBtR2P6WQj63Rz8i3AmfAaJLuNG8dWsfvPe8lO4aCPYLn879mEgHndZH1zQ2oXmG8O1GGzzaoZiw==",
      "license": "Apache-2.0",
      "dependencies": {
        "@smithy/util-buffer-from": "^4.2.0",
        "tslib": "^2.6.2"
      },
      "engines": {
        "node": ">=18.0.0"
      }
    },
    "node_modules/@smithy/uuid": {
      "version": "1.1.0",
      "resolved": "https://registry.npmjs.org/@smithy/uuid/-/uuid-1.1.0.tgz",
      "integrity": "sha512-4aUIteuyxtBUhVdiQqcDhKFitwfd9hqoSDYY2KRXiWtgoWJ9Bmise+KfEPDiVHWeJepvF8xJO9/9+WDIciMFFw==",
      "license": "Apache-2.0",
      "dependencies": {
        "tslib": "^2.6.2"
      },
      "engines": {
        "node": ">=18.0.0"
      }
    },
    "node_modules/fast-xml-parser": {
      "version": "5.2.5",
      "resolved": "https://registry.npmjs.org/fast-xml-parser/-/fast-xml-parser-5.2.5.tgz",
      "integrity": "sha512-pfX9uG9Ki0yekDHx2SiuRIyFdyAr1kMIMitPvb0YBo8SUfKvia7w7FIyd/l6av85pFYRhZscS75MwMnbvY+hcQ==",
      "funding": [
        {
          "type": "github",
          "url": "https://github.com/sponsors/NaturalIntelligence"
        }
      ],
      "license": "MIT",
      "dependencies": {
        "strnum": "^2.1.0"
      },
      "bin": {
        "fxparser": "src/cli/cli.js"
      }
    },
    "node_modules/strnum": {
      "version": "2.1.1",
      "resolved": "https://registry.npmjs.org/strnum/-/strnum-2.1.1.tgz",
      "integrity": "sha512-7ZvoFTiCnGxBtDqJ//Cu6fWtZtc7Y3x+QOirG15wztbdngGSkht27o2pyGWrVy0b4WAy3jbKmnoK6g5VlVNUUw==",
      "funding": [
        {
          "type": "github",
          "url": "https://github.com/sponsors/NaturalIntelligence"
        }
      ],
      "license": "MIT"
    },
    "node_modules/tslib": {
      "version": "2.8.1",
      "resolved": "https://registry.npmjs.org/tslib/-/tslib-2.8.1.tgz",
      "integrity": "sha512-oJFu94HQb+KVduSUQL7wnpmqnfmLsOA/nAh6b6EH0wCEoK0/mPeXU6c3wKDV83MkOuHPRHtSXKKU99IBazS/2w==",
      "license": "0BSD"
    }
  }
}
